PackratFormat: 1.4
PackratVersion: 0.5.0
RVersion: 3.6.1
Repos: CRAN=https://cran.rstudio.com/

Package: BH
Source: CRAN
Version: 1.69.0-1
Hash: 15f597ed227897f4f793b6161260f4b9

Package: DT
Source: CRAN
Version: 0.5
Hash: 5f563b2647721daf61a7559e80fa7dda
Requires: crosstalk, htmltools, htmlwidgets, magrittr, promises

Package: R6
Source: CRAN
Version: 2.4.0
Hash: 948a547c484e5bea15eee76cc53cce3f

Package: RColorBrewer
Source: CRAN
Version: 1.1-2
Hash: c0d56cd15034f395874c870141870c25

Package: Rcpp
Source: CRAN
Version: 1.0.1
Hash: 390ed5b5da840cec3e6f5c90c6ab23f7

Package: askpass
Source: CRAN
Version: 1.1
Hash: 6f6c430e3cd0dd7d48f447700f4d7e7f
Requires: sys

Package: assertthat
Source: CRAN
Version: 0.2.0
Hash: e8805df54c65ac96d50235c44a82615c

Package: backports
Source: CRAN
Version: 1.1.4
Hash: e88df919a68845e664e019570e2251b6

Package: base64enc
Source: CRAN
Version: 0.1-3
Hash: c590d29e555926af053055e23ee79efb

Package: brew
Source: CRAN
Version: 1.0-6
Hash: 931f9972deae0f205e1c78a51f33149b

Package: callr
Source: CRAN
Version: 3.3.1
Hash: 5611f2e7617b9ea6737cb083135f7615
Requires: R6, processx

Package: cli
Source: CRAN
Version: 1.1.0
Hash: bc4e54014c2049f2605ad0c3ba0cce6b
Requires: assertthat, crayon

Package: clipr
Source: CRAN
Version: 0.5.0
Hash: 9d588163f9234a17c6ad03d148db999d

Package: clisymbols
Source: CRAN
Version: 1.2.0
Hash: a76a309884277a4fd8a5d741965fbef5

Package: colorspace
Source: CRAN
Version: 1.4-1
Hash: 60a56e9998b8b58ee378db3dc91b27a5

Package: commonmark
Source: CRAN
Version: 1.7
Hash: 77f4ba718e2bad1877ef26e48cf8fa43

Package: crayon
Source: CRAN
Version: 1.3.4
Hash: ff2840dd9b0d563fc80377a5a45510cd

Package: crosstalk
Source: CRAN
Version: 1.0.0
Hash: c13adea5906fbe2becfcb5f843b26749
Requires: R6, ggplot2, htmltools, jsonlite, lazyeval, shiny

Package: curl
Source: CRAN
Version: 3.3
Hash: b201f64e6e1469e8a3571c746ffa9059

Package: data.table
Source: CRAN
Version: 1.12.0
Hash: d382bb97e2d9dd05ad8070e41513dcb1

Package: desc
Source: CRAN
Version: 1.2.0
Hash: a0a3ca939997679a52816bae4ed6aaae
Requires: R6, assertthat, crayon, rprojroot

Package: devtools
Source: CRAN
Version: 2.1.0
Hash: a2b0108d1ddb79155e92e1939ce47d29
Requires: callr, cli, digest, git2r, httr, jsonlite, memoise, pkgbuild,
    pkgload, rcmdcheck, remotes, roxygen2, rstudioapi, sessioninfo,
    testthat, usethis, withr

Package: digest
Source: CRAN
Version: 0.6.18
Hash: 65f62365ec69ddd17230d2ffe891a6ab

Package: dplyr
Source: CRAN
Version: 0.8.0.1
Hash: 61622995e32970a772e895bec2b4a305
Requires: BH, R6, Rcpp, assertthat, glue, magrittr, pkgconfig, plogr,
    rlang, tibble, tidyselect

Package: ellipsis
Source: CRAN
Version: 0.1.0
Hash: 0b5710f4cb576ada4c0449fbb62fd5ee

Package: evaluate
Source: CRAN
Version: 0.13
Hash: 1853557a0ea0db2daebf597c7ce58d70

Package: fansi
Source: CRAN
Version: 0.4.0
Hash: f147621f72b561485bfffcae78c4f5d5

Package: forcats
Source: CRAN
Version: 0.4.0
Hash: 3999d0f4538fe92c7af47b82f3e461b8
Requires: ellipsis, magrittr, rlang, tibble

Package: formattable
Source: CRAN
Version: 0.2.0.1
Hash: 64836860c4666eadc229c6e47fdd2261
Requires: htmltools, htmlwidgets, knitr, rmarkdown

Package: fs
Source: CRAN
Version: 1.3.1
Hash: 7969e4a40c4e7c620ea42ad9c4ba7bb3
Requires: Rcpp

Package: ggplot2
Source: CRAN
Version: 3.1.0
Hash: ef541b05dda10b209d509b5bbaf46ea3
Requires: digest, gtable, lazyeval, plyr, reshape2, rlang, scales,
    tibble, viridisLite, withr

Package: ggthemes
Source: CRAN
Version: 4.1.0
Hash: 9397cda8c9a6b74e7b7c340f1d0848d4
Requires: ggplot2, purrr, scales, stringr, tibble

Package: gh
Source: CRAN
Version: 1.0.1
Hash: 3f8812accd1320227d744bca620e8c42
Requires: httr, ini, jsonlite

Package: git2r
Source: CRAN
Version: 0.26.1
Hash: 744a0a12d9f4ac186b222f6795fab4fe

Package: glue
Source: CRAN
Version: 1.3.1
Hash: 660bbbe3803c7cf7c9489a7d99a9c0ed

Package: gridExtra
Source: CRAN
Version: 2.3
Hash: fa977bc1aab5588a08123b10ceb1ad3d
Requires: gtable

Package: gtable
Source: CRAN
Version: 0.2.0
Hash: cd78381a9d3fea966ac39bd0daaf5554

Package: haven
Source: CRAN
Version: 2.1.0
Hash: 3018bfc4305db4b6e161540b5819513f
Requires: Rcpp, forcats, hms, readr, tibble

Package: hexbin
Source: CRAN
Version: 1.27.2
Hash: db6c71309772ea1f664081576e5b943d

Package: highr
Source: CRAN
Version: 0.7
Hash: 20757f5c393ed0ecf96c9e8e6d8d514c

Package: hms
Source: CRAN
Version: 0.4.2
Hash: b4096a4f6a6736138e9a825c2baaacf0
Requires: pkgconfig, rlang

Package: htmltools
Source: CRAN
Version: 0.3.6
Hash: ef5869fcbca46a9551ce5b78954a6c2e
Requires: Rcpp, digest

Package: htmlwidgets
Source: CRAN
Version: 1.3
Hash: 17a2248b5e40383a1cb1a4e4cb5f9c7a
Requires: htmltools, jsonlite, yaml

Package: httpuv
Source: CRAN
Version: 1.5.0
Hash: b19e6d1c9b8c4edbf5048e72bd70dcb4
Requires: BH, R6, Rcpp, later, promises

Package: httr
Source: CRAN
Version: 1.4.0
Hash: 62d62d3ffcc9a34411b6e35a813f72dd
Requires: R6, curl, jsonlite, mime, openssl

Package: ini
Source: CRAN
Version: 0.3.1
Hash: 9d6de5178c1cedabfb24e7d2acc9a092

Package: jsonlite
Source: CRAN
Version: 1.6
Hash: 5f969e213e966135393e3e304abf3f49

Package: knitr
Source: CRAN
Version: 1.22
Hash: d7581079d36fa69f84ff721384355734
Requires: evaluate, highr, markdown, stringr, xfun, yaml

Package: labeling
Source: CRAN
Version: 0.3
Hash: ecf589b42cd284b03a4beb9665482d3e

Package: later
Source: CRAN
Version: 0.8.0
Hash: 165df1e83eab768693fc85f375e7f3ec
Requires: BH, Rcpp, rlang

Package: lazyeval
Source: CRAN
Version: 0.2.2
Hash: 563563691bea3cde6945a98996d7c166

Package: leaflet
Source: CRAN
Version: 2.0.2
Hash: da55402e4875c0253df918df0e97d4c4
Requires: RColorBrewer, base64enc, crosstalk, htmltools, htmlwidgets,
    magrittr, markdown, png, raster, scales, sp, viridis

Package: magrittr
Source: CRAN
Version: 1.5
Hash: bdc4d48c3135e8f3b399536ddf160df4

Package: markdown
Source: CRAN
Version: 0.9
Hash: 730f688930cef3223d59bd8aef679ab9
Requires: mime

Package: memoise
Source: CRAN
Version: 1.1.0
Hash: 410fcd334bc626db100237cc1370f2e9
Requires: digest

Package: mime
Source: CRAN
Version: 0.6
Hash: 2ed8f98b8284ad733f3907fc6e2f1334

Package: munsell
Source: CRAN
Version: 0.5.0
Hash: 38d0efee9bb99bef143bde41c4ce715c
Requires: colorspace

Package: openssl
Source: CRAN
Version: 1.2.2
Hash: 539a2d62e62212923ceabe379f20502a
Requires: askpass

Package: packrat
Source: CRAN
Version: 0.5.0
Hash: 498643e765d1442ba7b1160a1df3abf9

Package: pillar
Source: CRAN
Version: 1.3.1
Hash: 9ed4c2a5d3047bfba3e852ad5e806d91
Requires: cli, crayon, fansi, rlang, utf8

Package: pkgbuild
Source: CRAN
Version: 1.0.3
Hash: 9e6684b6946aa7199348754fb6da94ce
Requires: R6, callr, cli, crayon, desc, prettyunits, rprojroot, withr

Package: pkgconfig
Source: CRAN
Version: 2.0.2
Hash: b0fd6ed908e150b77e5f00c6478bd58c

Package: pkgload
Source: CRAN
Version: 1.0.2
Hash: 41eb2db35be61f6f9e8864cf87a1ecb0
Requires: desc, pkgbuild, rlang, rprojroot, rstudioapi, withr

Package: plogr
Source: CRAN
Version: 0.2.0
Hash: 81a8008a5e7858552503935f1abe48aa

Package: plotly
Source: CRAN
Version: 4.7.1
Hash: 18d2de809bf346363cd4ee7a587d58bf
Requires: RColorBrewer, base64enc, crosstalk, data.table, digest,
    dplyr, ggplot2, hexbin, htmltools, htmlwidgets, httr, jsonlite,
    lazyeval, magrittr, purrr, scales, tibble, tidyr, viridisLite

Package: plotrix
Source: CRAN
Version: 3.7-4
Hash: f6b317be08f277a626884a41abc31798

Package: plyr
Source: CRAN
Version: 1.8.4
Hash: 0ff259c7e21ac20a124869520e209d9f
Requires: Rcpp

Package: png
Source: CRAN
Version: 0.1-7
Hash: 421d7d6e0fb4bd885ecbd909b6456b8b

Package: praise
Source: CRAN
Version: 1.0.0
Hash: 77da8f1df873a4b91e5c4a68fe2fb1b6

Package: prettyunits
Source: CRAN
Version: 1.0.2
Hash: 49286102a855640daaa38eafe8b1ec30
Requires: assertthat, magrittr

Package: processx
Source: CRAN
Version: 3.4.1
Hash: 5c1f432b290b26ccc2aaaa8ff1fd2f62
Requires: R6, ps

Package: promises
Source: CRAN
Version: 1.0.1
Hash: 3a177f5946e3b85c4f65f3ca3e500cd0
Requires: R6, Rcpp, later, magrittr, rlang

Package: ps
Source: CRAN
Version: 1.3.0
Hash: 1d4cae95887ffe5b1a22bea5994476cd

Package: purrr
Source: CRAN
Version: 0.3.2
Hash: d7bb7f62bb3af2d6510f50cb7190a060
Requires: magrittr, rlang

Package: raster
Source: CRAN
Version: 3.0-7
Hash: 055fa2521b635b723603bbc9552a12cb
Requires: Rcpp, sp

Package: rcmdcheck
Source: CRAN
Version: 1.3.3
Hash: df2319559a8ed16e5b4d5f99de3e00a0
Requires: R6, callr, cli, crayon, desc, digest, pkgbuild, prettyunits,
    rprojroot, sessioninfo, withr, xopen

Package: readr
Source: CRAN
Version: 1.3.1
Hash: a50c0fdc47816ab982876293aa36e794
Requires: BH, R6, Rcpp, clipr, crayon, hms, tibble

Package: remotes
Source: CRAN
Version: 2.1.0
Hash: 3e0c7be315f7373f63989166181bfdcb

Package: reshape2
Source: CRAN
Version: 1.4.3
Hash: 1331df4206d0207838eff5d4324f5919
Requires: Rcpp, plyr, stringr

Package: rgdal
Source: CRAN
Version: 1.4-6
Hash: 1880ab5eb97fd9d381dfa8b448590e21
Requires: sp

Package: rlang
Source: CRAN
Version: 0.3.1
Hash: 1176a91e0c23d4fc8f48bc5704a6f826

Package: rmarkdown
Source: CRAN
Version: 1.12
Hash: 241424e590a32decf6e9f0cd32a5760b
Requires: base64enc, evaluate, htmltools, jsonlite, knitr, mime,
    stringr, tinytex, yaml

Package: roxygen2
Source: CRAN
Version: 6.1.1
Hash: 17e7d5f731ad04292f1b8b616c83318b
Requires: R6, Rcpp, brew, commonmark, desc, digest, pkgload, purrr,
    stringi, stringr, xml2

Package: rprojroot
Source: CRAN
Version: 1.3-2
Hash: a25c3f70c166fb3fbabc410eb32b6366
Requires: backports

Package: rstudioapi
Source: CRAN
Version: 0.10
Hash: 63f43c6ff14d92e1d65ca6c21d45a1eb

Package: scales
Source: CRAN
Version: 1.0.0
Hash: f1b117e6daa2bdfa11cc671133d8bdd4
Requires: R6, RColorBrewer, Rcpp, labeling, munsell, viridisLite

Package: sessioninfo
Source: CRAN
Version: 1.1.1
Hash: 9e50c8458e611f166ba702277cbb5096
Requires: cli, withr

Package: shiny
Source: CRAN
Version: 1.2.0
Hash: 6853126283ff0572d9f370a1520ac831
Requires: R6, crayon, digest, htmltools, httpuv, jsonlite, later, mime,
    promises, rlang, sourcetools, xtable

Package: shinyBS
Source: CRAN
Version: 0.61
Hash: 4644935bd93e62a0b82686b26af7efc2
Requires: htmltools, shiny

Package: shinydashboard
Source: CRAN
Version: 0.7.1
Hash: 9ff3e3d1aa83d9ae9b75c6f31e982aa6
Requires: htmltools, promises, shiny

Package: shinyjs
Source: CRAN
Version: 1.0
Hash: ea95f751025e50227a96100be35e970b
Requires: digest, htmltools, jsonlite, shiny

Package: shinythemes
Source: CRAN
Version: 1.1.2
Hash: b5eb2598708219fdfd4dcd65dae6d318
Requires: shiny

Package: sourcetools
Source: CRAN
Version: 0.1.7
Hash: d093478ac90064e670cd4bf1a99b47b6

Package: sp
Source: CRAN
Version: 1.3-1
Hash: 01decf1327caff54d7822434d07fa959

Package: stringi
Source: CRAN
Version: 1.4.3
Hash: ed2a82fc7cc668c1345223d938cdfaf2

Package: stringr
Source: CRAN
Version: 1.4.0
Hash: 67da32dbb2a7a16f2ef124336358e54a
Requires: glue, magrittr, stringi

Package: sys
Source: CRAN
Version: 3.1
Hash: dc2a997b1b9a2d3f9c234491153cb951

Package: testthat
Source: CRAN
Version: 2.2.1
Hash: ec68d8eb0203c88d5efa62e67fba2a97
Requires: R6, cli, crayon, digest, evaluate, magrittr, praise, rlang,
    withr

Package: tibble
Source: CRAN
Version: 2.1.1
Hash: e9d844f966bd4d40556b50c3b2239646
Requires: cli, crayon, fansi, pillar, pkgconfig, rlang

Package: tidyr
Source: CRAN
Version: 0.8.3
Hash: abb47affef711a0d4965f25cfdeb4df0
Requires: Rcpp, dplyr, glue, magrittr, purrr, rlang, stringi, tibble,
    tidyselect

Package: tidyselect
Source: CRAN
Version: 0.2.5
Hash: ce32c88efe672d565819caa17238b04c
Requires: Rcpp, glue, purrr, rlang

Package: tinytex
Source: CRAN
Version: 0.11
Hash: bcda6d10711135ce9ec0243bd2fb9d6c
Requires: xfun

Package: usethis
Source: CRAN
Version: 1.5.1
Hash: 1a3f09efcce670dc6a5562cfd3c71d66
Requires: clipr, clisymbols, crayon, curl, desc, fs, gh, git2r, glue,
    purrr, rlang, rprojroot, rstudioapi, whisker, withr, yaml

Package: utf8
Source: CRAN
Version: 1.1.4
Hash: f3f97ce59092abc8ed3fd098a59e236c

Package: viridis
Source: CRAN
Version: 0.5.1
Hash: 39edaec2078b4fc928afb73cc1ce6625
Requires: ggplot2, gridExtra, viridisLite

Package: viridisLite
Source: CRAN
Version: 0.3.0
Hash: 78bb072c4f9e729a283d4c40ec93f9c6

Package: whisker
Source: CRAN
Version: 0.3-2
Hash: 803d662762e532705c2c066a82d066e7

Package: withr
Source: CRAN
Version: 2.1.2
Hash: d534108bcd5f34ec73e9eb523751ba20

Package: xfun
Source: CRAN
Version: 0.5
Hash: 384622a18a85624029dec83d26e588a6

Package: xml2
Source: CRAN
Version: 1.2.0
Hash: 6e643a368e9748966b96332eaa631411
Requires: Rcpp

Package: xopen
Source: CRAN
Version: 1.0.0
Hash: 22c2708f177f9fd9f8a52012bac61d6a
Requires: processx

Package: xtable
Source: CRAN
Version: 1.8-3
Hash: 91199102994584c5f0e8cbba5582ecc4

Package: yaml
Source: CRAN
Version: 2.2.0
Hash: a5ad5616d83d89f8d84cbf3cf4034e13
